# This file is autogenerated, do not edit; changes may be undone by the next 'dep ensure'.


[[projects]]
  branch = "master"
  digest = "1:806a5e422cae6862f226c828ed5e84f7597436672754c41fd21239b225f982f7"
  name = "github.com/0xor1/config"
  packages = ["."]
  pruneopts = "UT"
  revision = "3090468a46986030529bc191430dc0794c0b609c"

[[projects]]
  branch = "master"
  digest = "1:f00c1fbe82f87ff9372768b9774ce82e6b287efef52c49a65e484de2f7094f33"
  name = "github.com/0xor1/iredis"
  packages = ["."]
  pruneopts = "UT"
  revision = "9c7725994f09c9bd71646938a88d194a0ab8fa5c"

[[projects]]
  branch = "master"
  digest = "1:fff7357059eb469d8228f19812ed95afb456af5a6b80a93e05de9b6d35fb1df2"
  name = "github.com/0xor1/isql"
  packages = ["."]
  pruneopts = "UT"
  revision = "b4037039643118e09f427efcf957e7df2715c195"

[[projects]]
  branch = "master"
  digest = "1:f54219c362ccede7f581a063601542c82eabf2aeb24e5712c18a7b03af18f41d"
  name = "github.com/0xor1/json"
  packages = ["."]
  pruneopts = "UT"
  revision = "7ddd043e7350c7983e11844d2f13716d4f8d3cd6"

[[projects]]
  branch = "master"
  digest = "1:2236957635dc28a021d7bbe38a083043594ae542f6260bee4652c4130b3895af"
  name = "github.com/0xor1/panic"
  packages = ["."]
  pruneopts = "UT"
  revision = "912589c77b22383ef424bb2dedb541504d02b215"

[[projects]]
  digest = "1:557f06e527ad555e77d2250bd8b2663cb691e811d4060750e21e214c8faa8b85"
  name = "github.com/SparkPost/gosparkpost"
  packages = [
    ".",
    "events",
  ]
  pruneopts = "UT"
  revision = "4c6d2a3be65810be883c869868a74e677df2881b"
  version = "0.1.0"

[[projects]]
  digest = "1:a2c1d0e43bd3baaa071d1b9ed72c27d78169b2b269f71c105ac4ba34b1be4a39"
  name = "github.com/davecgh/go-spew"
  packages = ["spew"]
  pruneopts = "UT"
  revision = "346938d642f2ec3594ed81d874461961cd0faa76"
  version = "v1.1.0"

[[projects]]
  digest = "1:adea5a94903eb4384abef30f3d878dc9ff6b6b5b0722da25b82e5169216dfb61"
  name = "github.com/go-sql-driver/mysql"
  packages = ["."]
  pruneopts = "UT"
  revision = "d523deb1b23d913de5bdada721a6071e71283618"
  version = "v1.4.0"

[[projects]]
  digest = "1:38ec74012390146c45af1f92d46e5382b50531247929ff3a685d2b2be65155ac"
  name = "github.com/gomodule/redigo"
  packages = [
    "internal",
    "redis",
  ]
  pruneopts = "UT"
  revision = "9c11da706d9b7902c6da69c592f75637793fe121"
  version = "v2.0.0"

[[projects]]
  digest = "1:c79fb010be38a59d657c48c6ba1d003a8aa651fa56b579d959d74573b7dff8e1"
  name = "github.com/gorilla/context"
  packages = ["."]
  pruneopts = "UT"
  revision = "08b5f424b9271eedf6f9f0ce86cb9396ed337a42"
  version = "v1.1.1"

[[projects]]
  digest = "1:e72d1ebb8d395cf9f346fd9cbc652e5ae222dd85e0ac842dc57f175abed6d195"
  name = "github.com/gorilla/securecookie"
  packages = ["."]
  pruneopts = "UT"
  revision = "e59506cc896acb7f7bf732d4fdf5e25f7ccd8983"
  version = "v1.1.1"

[[projects]]
  digest = "1:0fe783ea0c04c7d13f7c55d8f74b01b17e18a8320e7deecf578b41ef99b27205"
  name = "github.com/gorilla/sessions"
  packages = ["."]
  pruneopts = "UT"
  revision = "03b6f63cc43ef9c7240a635a5e22b13180e822b8"
  version = "v1.1.1"

[[projects]]
  branch = "master"
  digest = "1:34534b73e925d20cc72cf202f8b482fdcbe3a1b113e19375f31aadabd0f0f97d"
  name = "github.com/nfnt/resize"
  packages = ["."]
  pruneopts = "UT"
  revision = "83c6a9932646f83e3267f353373d47347b6036b2"

[[projects]]
  digest = "1:ef9d6dc417798db2867654a8ecee38caa95da870db999202985718a9474e5c48"
  name = "github.com/oklog/ulid"
  packages = ["."]
  pruneopts = "UT"
  revision = "8356aea91ceecc7d00ef87508040d1031adb2953"
  version = "v1.0.0"

[[projects]]
  digest = "1:40e195917a951a8bf867cd05de2a46aaf1806c50cf92eebf4c16f78cd196f747"
  name = "github.com/pkg/errors"
  packages = ["."]
  pruneopts = "UT"
  revision = "645ef00459ed84a119197bfb8d8205042c6df63d"
  version = "v0.8.0"

[[projects]]
  digest = "1:0028cb19b2e4c3112225cd871870f2d9cf49b9b4276531f03438a88e94be86fe"
  name = "github.com/pmezard/go-difflib"
  packages = ["difflib"]
  pruneopts = "UT"
  revision = "792786c7400a136282c1664665ae0a8db921c6c2"
  version = "v1.0.0"

[[projects]]
  digest = "1:18752d0b95816a1b777505a97f71c7467a8445b8ffb55631a7bf779f6ba4fa83"
  name = "github.com/stretchr/testify"
  packages = ["assert"]
  pruneopts = "UT"
  revision = "f35b8ab0b5a2cef36673838d662e249dd9c94686"
  version = "v1.2.2"

[[projects]]
  branch = "master"
  digest = "1:a0af874d3773325690f8209f94e5edafb47501725484ee6020ce1ca59d69d5df"
  name = "golang.org/x/crypto"
  packages = [
    "acme",
    "acme/autocert",
    "pbkdf2",
    "scrypt",
  ]
  pruneopts = "UT"
  revision = "de0752318171da717af4ce24d0a2e8626afaeb11"

[[projects]]
  digest = "1:c25289f43ac4a68d88b02245742347c94f1e108c534dda442188015ff80669b3"
  name = "google.golang.org/appengine"
  packages = ["cloudsql"]
  pruneopts = "UT"
  revision = "b1f26356af11148e710935ed1ac8a7f5702c7612"
  version = "v1.1.0"

[solve-meta]
  analyzer-name = "dep"
  analyzer-version = 1
  input-imports = [
    "github.com/0xor1/config",
    "github.com/0xor1/iredis",
    "github.com/0xor1/isql",
    "github.com/0xor1/panic",
    "github.com/SparkPost/gosparkpost",
    "github.com/go-sql-driver/mysql",
    "github.com/gomodule/redigo/redis",
    "github.com/gorilla/context",
    "github.com/gorilla/sessions",
    "github.com/nfnt/resize",
    "github.com/oklog/ulid",
    "github.com/stretchr/testify/assert",
    "golang.org/x/crypto/acme/autocert",
    "golang.org/x/crypto/scrypt",
  ]
  solver-name = "gps-cdcl"
  solver-version = 1
